
Microsoft Visual Studio Solution File, Format Version 12.00
# Visual Studio Version 17
VisualStudioVersion = 17.8.34330.188
MinimumVisualStudioVersion = 10.0.40219.1
Project("{FAE04EC0-301F-11D3-BF4B-00C04F79EFBC}") = "E-BookingFutsal", "E-BookingFutsal\E-BookingFutsal.csproj", "{6CCB0D69-6168-4F12-B499-1D5F565596C3}"
EndProject
Global
	GlobalSection(SolutionConfigurationPlatforms) = preSolution
		Debug|Any CPU = Debug|Any CPU
		Release|Any CPU = Release|Any CPU
	EndGlobalSection
	GlobalSection(ProjectConfigurationPlatforms) = postSolution
		{6CCB0D69-6168-4F12-B499-1D5F565596C3}.Debug|Any CPU.ActiveCfg = Debug|Any CPU
		{6CCB0D69-6168-4F12-B499-1D5F565596C3}.Debug|Any CPU.Build.0 = Debug|Any CPU
		{6CCB0D69-6168-4F12-B499-1D5F565596C3}.Release|Any CPU.ActiveCfg = Release|Any CPU
		{6CCB0D69-6168-4F12-B499-1D5F565596C3}.Release|Any CPU.Build.0 = Release|Any CPU
	EndGlobalSection
	GlobalSection(SolutionProperties) = preSolution
		HideSolutionNode = FALSE
	EndGlobalSection
	GlobalSection(ExtensibilityGlobals) = postSolution
		SolutionGuid = {7E5AC5D7-366C-41F2-9C4B-13488D352E3B}
	EndGlobalSection
EndGlobal
